
Microsoft Visual Studio Solution File, Format Version 12.00
# Visual Studio Version 17
VisualStudioVersion = 17.10.34916.146
MinimumVisualStudioVersion = 10.0.40219.1
Project("{FAE04EC0-301F-11D3-BF4B-00C04F79EFBC}") = "UserServices", "UserServices\UserServices.csproj", "{8BD01A4B-FA41-41F0-B757-311821130295}"
EndProject
Global
	GlobalSection(SolutionConfigurationPlatforms) = preSolution
		Debug|Any CPU = Debug|Any CPU
		Release|Any CPU = Release|Any CPU
	EndGlobalSection
	GlobalSection(ProjectConfigurationPlatforms) = postSolution
		{8BD01A4B-FA41-41F0-B757-311821130295}.Debug|Any CPU.ActiveCfg = Debug|Any CPU
		{8BD01A4B-FA41-41F0-B757-311821130295}.Debug|Any CPU.Build.0 = Debug|Any CPU
		{8BD01A4B-FA41-41F0-B757-311821130295}.Release|Any CPU.ActiveCfg = Release|Any CPU
		{8BD01A4B-FA41-41F0-B757-311821130295}.Release|Any CPU.Build.0 = Release|Any CPU
	EndGlobalSection
	GlobalSection(SolutionProperties) = preSolution
		HideSolutionNode = FALSE
	EndGlobalSection
	GlobalSection(ExtensibilityGlobals) = postSolution
		SolutionGuid = {858732E1-9CFF-4759-AEDF-D0D12A70A257}
	EndGlobalSection
EndGlobal
