
Microsoft Visual Studio Solution File, Format Version 12.00
# Visual Studio Version 17
VisualStudioVersion = 17.10.34916.146
MinimumVisualStudioVersion = 10.0.40219.1
Project("{FAE04EC0-301F-11D3-BF4B-00C04F79EFBC}") = "ProductService", "ProductService\ProductService.csproj", "{91D7704F-6FF5-4C90-A5FD-B80DBE4A0F3F}"
EndProject
Global
	GlobalSection(SolutionConfigurationPlatforms) = preSolution
		Debug|Any CPU = Debug|Any CPU
		Release|Any CPU = Release|Any CPU
	EndGlobalSection
	GlobalSection(ProjectConfigurationPlatforms) = postSolution
		{91D7704F-6FF5-4C90-A5FD-B80DBE4A0F3F}.Debug|Any CPU.ActiveCfg = Debug|Any CPU
		{91D7704F-6FF5-4C90-A5FD-B80DBE4A0F3F}.Debug|Any CPU.Build.0 = Debug|Any CPU
		{91D7704F-6FF5-4C90-A5FD-B80DBE4A0F3F}.Release|Any CPU.ActiveCfg = Release|Any CPU
		{91D7704F-6FF5-4C90-A5FD-B80DBE4A0F3F}.Release|Any CPU.Build.0 = Release|Any CPU
	EndGlobalSection
	GlobalSection(SolutionProperties) = preSolution
		HideSolutionNode = FALSE
	EndGlobalSection
	GlobalSection(ExtensibilityGlobals) = postSolution
		SolutionGuid = {D6E1171C-FF1E-42F9-B63A-803954E9AD0A}
	EndGlobalSection
EndGlobal
